// !$*UTF8*$!
{
	archiveVersion = 1;
	classes = {
	};
	objectVersion = 56;
	objects = {

/* Begin PBXBuildFile section */
		07985ABE2AFCC87D007E298B /* BluetoothManager.swift in Sources */ = {isa = PBXBuildFile; fileRef = 07985ABD2AFCC87D007E298B /* BluetoothManager.swift */; };
		07E816682AC9684A002D1724 /* CPBattleBotApp.swift in Sources */ = {isa = PBXBuildFile; fileRef = 07E816672AC9684A002D1724 /* CPBattleBotApp.swift */; };
		07E8166C2AC9684B002D1724 /* Assets.xcassets in Resources */ = {isa = PBXBuildFile; fileRef = 07E8166B2AC9684B002D1724 /* Assets.xcassets */; };
		07E8166F2AC9684B002D1724 /* Preview Assets.xcassets in Resources */ = {isa = PBXBuildFile; fileRef = 07E8166E2AC9684B002D1724 /* Preview Assets.xcassets */; };
		07E816792AC9684C002D1724 /* CPBattleBotTests.swift in Sources */ = {isa = PBXBuildFile; fileRef = 07E816782AC9684C002D1724 /* CPBattleBotTests.swift */; };
		07E816832AC9684C002D1724 /* CPBattleBotUITestsLaunchTests.swift in Sources */ = {isa = PBXBuildFile; fileRef = 07E816822AC9684C002D1724 /* CPBattleBotUITestsLaunchTests.swift */; };
		07E816852AC9684C002D1724 /* CPBattleBotUITests.swift in Sources */ = {isa = PBXBuildFile; fileRef = 07E816842AC9684C002D1724 /* CPBattleBotUITests.swift */; };
		89A31F412B8E8B9000C58A8D /* MovementJoystick.swift in Sources */ = {isa = PBXBuildFile; fileRef = 89A31F3E2B8E8B9000C58A8D /* MovementJoystick.swift */; };
		89A31F422B8E8B9000C58A8D /* RotationJoystick.swift in Sources */ = {isa = PBXBuildFile; fileRef = 89A31F3F2B8E8B9000C58A8D /* RotationJoystick.swift */; };
		89A31F432B8E8B9000C58A8D /* ButtonView.swift in Sources */ = {isa = PBXBuildFile; fileRef = 89A31F402B8E8B9000C58A8D /* ButtonView.swift */; };
		89A31F452B8E8B9900C58A8D /* ButtonViewModel.swift in Sources */ = {isa = PBXBuildFile; fileRef = 89A31F442B8E8B9900C58A8D /* ButtonViewModel.swift */; };
		89D818642B06BCD700426437 /* JoystickModeView.swift in Sources */ = {isa = PBXBuildFile; fileRef = 89D818632B06BCD700426437 /* JoystickModeView.swift */; };
/* End PBXBuildFile section */

/* Begin PBXContainerItemProxy section */
		07E816752AC9684C002D1724 /* PBXContainerItemProxy */ = {
			isa = PBXContainerItemProxy;
			containerPortal = 07E8165C2AC9684A002D1724 /* Project object */;
			proxyType = 1;
			remoteGlobalIDString = 07E816632AC9684A002D1724;
			remoteInfo = BattleBotJoySticks;
		};
		07E8167F2AC9684C002D1724 /* PBXContainerItemProxy */ = {
			isa = PBXContainerItemProxy;
			containerPortal = 07E8165C2AC9684A002D1724 /* Project object */;
			proxyType = 1;
			remoteGlobalIDString = 07E816632AC9684A002D1724;
			remoteInfo = BattleBotJoySticks;
		};
/* End PBXContainerItemProxy section */

/* Begin PBXFileReference section */
		07985ABD2AFCC87D007E298B /* BluetoothManager.swift */ = {isa = PBXFileReference; lastKnownFileType = sourcecode.swift; path = BluetoothManager.swift; sourceTree = "<group>"; };
		07E816642AC9684A002D1724 /* CP BattleBot.app */ = {isa = PBXFileReference; explicitFileType = wrapper.application; includeInIndex = 0; path = "CP BattleBot.app"; sourceTree = BUILT_PRODUCTS_DIR; };
		07E816672AC9684A002D1724 /* CPBattleBotApp.swift */ = {isa = PBXFileReference; lastKnownFileType = sourcecode.swift; name = CPBattleBotApp.swift; path = CPBattleBot/CPBattleBotApp.swift; sourceTree = "<group>"; xcLanguageSpecificationIdentifier = xcode.lang.simpleColoring; };
		07E8166B2AC9684B002D1724 /* Assets.xcassets */ = {isa = PBXFileReference; lastKnownFileType = folder.assetcatalog; name = Assets.xcassets; path = CPBattleBot/Assets.xcassets; sourceTree = "<group>"; };
		07E8166E2AC9684B002D1724 /* Preview Assets.xcassets */ = {isa = PBXFileReference; lastKnownFileType = folder.assetcatalog; path = "Preview Assets.xcassets"; sourceTree = "<group>"; };
		07E816742AC9684C002D1724 /* CP BattleBotTests.xctest */ = {isa = PBXFileReference; explicitFileType = wrapper.cfbundle; includeInIndex = 0; path = "CP BattleBotTests.xctest"; sourceTree = BUILT_PRODUCTS_DIR; };
		07E816782AC9684C002D1724 /* CPBattleBotTests.swift */ = {isa = PBXFileReference; lastKnownFileType = sourcecode.swift; path = CPBattleBotTests.swift; sourceTree = "<group>"; };
		07E8167E2AC9684C002D1724 /* CP BattleBotUITests.xctest */ = {isa = PBXFileReference; explicitFileType = wrapper.cfbundle; includeInIndex = 0; path = "CP BattleBotUITests.xctest"; sourceTree = BUILT_PRODUCTS_DIR; };
		07E816822AC9684C002D1724 /* CPBattleBotUITestsLaunchTests.swift */ = {isa = PBXFileReference; lastKnownFileType = sourcecode.swift; path = CPBattleBotUITestsLaunchTests.swift; sourceTree = "<group>"; };
		07E816842AC9684C002D1724 /* CPBattleBotUITests.swift */ = {isa = PBXFileReference; lastKnownFileType = sourcecode.swift; path = CPBattleBotUITests.swift; sourceTree = "<group>"; };
		89A31F3E2B8E8B9000C58A8D /* MovementJoystick.swift */ = {isa = PBXFileReference; fileEncoding = 4; lastKnownFileType = sourcecode.swift; path = MovementJoystick.swift; sourceTree = "<group>"; };
		89A31F3F2B8E8B9000C58A8D /* RotationJoystick.swift */ = {isa = PBXFileReference; fileEncoding = 4; lastKnownFileType = sourcecode.swift; path = RotationJoystick.swift; sourceTree = "<group>"; };
		89A31F402B8E8B9000C58A8D /* ButtonView.swift */ = {isa = PBXFileReference; fileEncoding = 4; lastKnownFileType = sourcecode.swift; path = ButtonView.swift; sourceTree = "<group>"; };
		89A31F442B8E8B9900C58A8D /* ButtonViewModel.swift */ = {isa = PBXFileReference; fileEncoding = 4; lastKnownFileType = sourcecode.swift; path = ButtonViewModel.swift; sourceTree = "<group>"; };
		89D818632B06BCD700426437 /* JoystickModeView.swift */ = {isa = PBXFileReference; lastKnownFileType = sourcecode.swift; path = JoystickModeView.swift; sourceTree = "<group>"; };
/* End PBXFileReference section */

/* Begin PBXFrameworksBuildPhase section */
		07E816612AC9684A002D1724 /* Frameworks */ = {
			isa = PBXFrameworksBuildPhase;
			buildActionMask = 2147483647;
			files = (
			);
			runOnlyForDeploymentPostprocessing = 0;
		};
		07E816712AC9684C002D1724 /* Frameworks */ = {
			isa = PBXFrameworksBuildPhase;
			buildActionMask = 2147483647;
			files = (
			);
			runOnlyForDeploymentPostprocessing = 0;
		};
		07E8167B2AC9684C002D1724 /* Frameworks */ = {
			isa = PBXFrameworksBuildPhase;
			buildActionMask = 2147483647;
			files = (
			);
			runOnlyForDeploymentPostprocessing = 0;
		};
/* End PBXFrameworksBuildPhase section */

/* Begin PBXGroup section */
		07E8165B2AC9684A002D1724 = {
			isa = PBXGroup;
			children = (
				07E816662AC9684A002D1724 /* CPBattleBot */,
				07E816772AC9684C002D1724 /* CPBattleBotTests */,
				07E816812AC9684C002D1724 /* CPBattleBotUITests */,
				07E816652AC9684A002D1724 /* Products */,
			);
			sourceTree = "<group>";
		};
		07E816652AC9684A002D1724 /* Products */ = {
			isa = PBXGroup;
			children = (
				07E816642AC9684A002D1724 /* CP BattleBot.app */,
				07E816742AC9684C002D1724 /* CP BattleBotTests.xctest */,
				07E8167E2AC9684C002D1724 /* CP BattleBotUITests.xctest */,
			);
			name = Products;
			sourceTree = "<group>";
		};
		07E816662AC9684A002D1724 /* CPBattleBot */ = {
			isa = PBXGroup;
			children = (
				07E816672AC9684A002D1724 /* CPBattleBotApp.swift */,
				89D8186B2B06C91400426437 /* Views */,
				07E8166B2AC9684B002D1724 /* Assets.xcassets */,
				07E8166D2AC9684B002D1724 /* Preview Content */,
				895B6EC62B60722D00D5B5D6 /* Utilities */,
			);
			name = CPBattleBot;
			sourceTree = "<group>";
		};
		07E8166D2AC9684B002D1724 /* Preview Content */ = {
			isa = PBXGroup;
			children = (
				07E8166E2AC9684B002D1724 /* Preview Assets.xcassets */,
			);
			name = "Preview Content";
			path = "CPBattleBot/Preview Content";
			sourceTree = "<group>";
		};
		07E816772AC9684C002D1724 /* CPBattleBotTests */ = {
			isa = PBXGroup;
			children = (
				07E816782AC9684C002D1724 /* CPBattleBotTests.swift */,
			);
			path = CPBattleBotTests;
			sourceTree = "<group>";
		};
		07E816812AC9684C002D1724 /* CPBattleBotUITests */ = {
			isa = PBXGroup;
			children = (
				07E816822AC9684C002D1724 /* CPBattleBotUITestsLaunchTests.swift */,
				07E816842AC9684C002D1724 /* CPBattleBotUITests.swift */,
			);
			path = CPBattleBotUITests;
			sourceTree = "<group>";
		};
		895B6EC62B60722D00D5B5D6 /* Utilities */ = {
			isa = PBXGroup;
			children = (
				89A31F442B8E8B9900C58A8D /* ButtonViewModel.swift */,
				07985ABD2AFCC87D007E298B /* BluetoothManager.swift */,
			);
			name = Utilities;
			path = CPBattleBot/Utilities;
			sourceTree = "<group>";
		};
		89D8186B2B06C91400426437 /* Views */ = {
			isa = PBXGroup;
			children = (
				89A31F402B8E8B9000C58A8D /* ButtonView.swift */,
				89A31F3E2B8E8B9000C58A8D /* MovementJoystick.swift */,
				89A31F3F2B8E8B9000C58A8D /* RotationJoystick.swift */,
				89D818632B06BCD700426437 /* JoystickModeView.swift */,
			);
			name = Views;
			path = CPBattleBot/Views;
			sourceTree = "<group>";
		};
/* End PBXGroup section */

/* Begin PBXNativeTarget section */
		07E816632AC9684A002D1724 /* CP BattleBot */ = {
			isa = PBXNativeTarget;
			buildConfigurationList = 07E816882AC9684C002D1724 /* Build configuration list for PBXNativeTarget "CP BattleBot" */;
			buildPhases = (
				07E816602AC9684A002D1724 /* Sources */,
				07E816612AC9684A002D1724 /* Frameworks */,
				07E816622AC9684A002D1724 /* Resources */,
			);
			buildRules = (
			);
			dependencies = (
			);
			name = "CP BattleBot";
			productName = BattleBotJoySticks;
			productReference = 07E816642AC9684A002D1724 /* CP BattleBot.app */;
			productType = "com.apple.product-type.application";
		};
		07E816732AC9684C002D1724 /* CP BattleBotTests */ = {
			isa = PBXNativeTarget;
			buildConfigurationList = 07E8168B2AC9684C002D1724 /* Build configuration list for PBXNativeTarget "CP BattleBotTests" */;
			buildPhases = (
				07E816702AC9684C002D1724 /* Sources */,
				07E816712AC9684C002D1724 /* Frameworks */,
				07E816722AC9684C002D1724 /* Resources */,
			);
			buildRules = (
			);
			dependencies = (
				07E816762AC9684C002D1724 /* PBXTargetDependency */,
			);
			name = "CP BattleBotTests";
			productName = BattleBotJoySticksTests;
			productReference = 07E816742AC9684C002D1724 /* CP BattleBotTests.xctest */;
			productType = "com.apple.product-type.bundle.unit-test";
		};
		07E8167D2AC9684C002D1724 /* CP BattleBotUITests */ = {
			isa = PBXNativeTarget;
			buildConfigurationList = 07E8168E2AC9684C002D1724 /* Build configuration list for PBXNativeTarget "CP BattleBotUITests" */;
			buildPhases = (
				07E8167A2AC9684C002D1724 /* Sources */,
				07E8167B2AC9684C002D1724 /* Frameworks */,
				07E8167C2AC9684C002D1724 /* Resources */,
			);
			buildRules = (
			);
			dependencies = (
				07E816802AC9684C002D1724 /* PBXTargetDependency */,
			);
			name = "CP BattleBotUITests";
			productName = BattleBotJoySticksUITests;
			productReference = 07E8167E2AC9684C002D1724 /* CP BattleBotUITests.xctest */;
			productType = "com.apple.product-type.bundle.ui-testing";
		};
/* End PBXNativeTarget section */

/* Begin PBXProject section */
		07E8165C2AC9684A002D1724 /* Project object */ = {
			isa = PBXProject;
			attributes = {
				BuildIndependentTargetsInParallel = 1;
				LastSwiftUpdateCheck = 1500;
				LastUpgradeCheck = 1500;
				TargetAttributes = {
					07E816632AC9684A002D1724 = {
						CreatedOnToolsVersion = 15.0;
					};
					07E816732AC9684C002D1724 = {
						CreatedOnToolsVersion = 15.0;
						TestTargetID = 07E816632AC9684A002D1724;
					};
					07E8167D2AC9684C002D1724 = {
						CreatedOnToolsVersion = 15.0;
						TestTargetID = 07E816632AC9684A002D1724;
					};
				};
			};
			buildConfigurationList = 07E8165F2AC9684A002D1724 /* Build configuration list for PBXProject "CPBattleBot" */;
			compatibilityVersion = "Xcode 14.0";
			developmentRegion = en;
			hasScannedForEncodings = 0;
			knownRegions = (
				en,
				Base,
			);
			mainGroup = 07E8165B2AC9684A002D1724;
			productRefGroup = 07E816652AC9684A002D1724 /* Products */;
			projectDirPath = "";
			projectRoot = "";
			targets = (
				07E816632AC9684A002D1724 /* CP BattleBot */,
				07E816732AC9684C002D1724 /* CP BattleBotTests */,
				07E8167D2AC9684C002D1724 /* CP BattleBotUITests */,
			);
		};
/* End PBXProject section */

/* Begin PBXResourcesBuildPhase section */
		07E816622AC9684A002D1724 /* Resources */ = {
			isa = PBXResourcesBuildPhase;
			buildActionMask = 2147483647;
			files = (
				07E8166F2AC9684B002D1724 /* Preview Assets.xcassets in Resources */,
				07E8166C2AC9684B002D1724 /* Assets.xcassets in Resources */,
			);
			runOnlyForDeploymentPostprocessing = 0;
		};
		07E816722AC9684C002D1724 /* Resources */ = {
			isa = PBXResourcesBuildPhase;
			buildActionMask = 2147483647;
			files = (
			);
			runOnlyForDeploymentPostprocessing = 0;
		};
		07E8167C2AC9684C002D1724 /* Resources */ = {
			isa = PBXResourcesBuildPhase;
			buildActionMask = 2147483647;
			files = (
			);
			runOnlyForDeploymentPostprocessing = 0;
		};
/* End PBXResourcesBuildPhase section */

/* Begin PBXSourcesBuildPhase section */
		07E816602AC9684A002D1724 /* Sources */ = {
			isa = PBXSourcesBuildPhase;
			buildActionMask = 2147483647;
			files = (
				89A31F412B8E8B9000C58A8D /* MovementJoystick.swift in Sources */,
				89A31F422B8E8B9000C58A8D /* RotationJoystick.swift in Sources */,
				89A31F432B8E8B9000C58A8D /* ButtonView.swift in Sources */,
				07985ABE2AFCC87D007E298B /* BluetoothManager.swift in Sources */,
				89D818642B06BCD700426437 /* JoystickModeView.swift in Sources */,
				07E816682AC9684A002D1724 /* CPBattleBotApp.swift in Sources */,
				89A31F452B8E8B9900C58A8D /* ButtonViewModel.swift in Sources */,
			);
			runOnlyForDeploymentPostprocessing = 0;
		};
		07E816702AC9684C002D1724 /* Sources */ = {
			isa = PBXSourcesBuildPhase;
			buildActionMask = 2147483647;
			files = (
				07E816792AC9684C002D1724 /* CPBattleBotTests.swift in Sources */,
			);
			runOnlyForDeploymentPostprocessing = 0;
		};
		07E8167A2AC9684C002D1724 /* Sources */ = {
			isa = PBXSourcesBuildPhase;
			buildActionMask = 2147483647;
			files = (
				07E816852AC9684C002D1724 /* CPBattleBotUITests.swift in Sources */,
				07E816832AC9684C002D1724 /* CPBattleBotUITestsLaunchTests.swift in Sources */,
			);
			runOnlyForDeploymentPostprocessing = 0;
		};
/* End PBXSourcesBuildPhase section */

/* Begin PBXTargetDependency section */
		07E816762AC9684C002D1724 /* PBXTargetDependency */ = {
			isa = PBXTargetDependency;
			target = 07E816632AC9684A002D1724 /* CP BattleBot */;
			targetProxy = 07E816752AC9684C002D1724 /* PBXContainerItemProxy */;
		};
		07E816802AC9684C002D1724 /* PBXTargetDependency */ = {
			isa = PBXTargetDependency;
			target = 07E816632AC9684A002D1724 /* CP BattleBot */;
			targetProxy = 07E8167F2AC9684C002D1724 /* PBXContainerItemProxy */;
		};
/* End PBXTargetDependency section */

/* Begin XCBuildConfiguration section */
		07E816862AC9684C002D1724 /* Debug */ = {
			isa = XCBuildConfiguration;
			buildSettings = {
				ALWAYS_SEARCH_USER_PATHS = NO;
				ASSETCATALOG_COMPILER_GENERATE_SWIFT_ASSET_SYMBOL_EXTENSIONS = YES;
				CLANG_ANALYZER_NONNULL = YES;
				CLANG_ANALYZER_NUMBER_OBJECT_CONVERSION = YES_AGGRESSIVE;
				CLANG_CXX_LANGUAGE_STANDARD = "gnu++20";
				CLANG_ENABLE_MODULES = YES;
				CLANG_ENABLE_OBJC_ARC = YES;
				CLANG_ENABLE_OBJC_WEAK = YES;
				CLANG_WARN_BLOCK_CAPTURE_AUTORELEASING = YES;
				CLANG_WARN_BOOL_CONVERSION = YES;
				CLANG_WARN_COMMA = YES;
				CLANG_WARN_CONSTANT_CONVERSION = YES;
				CLANG_WARN_DEPRECATED_OBJC_IMPLEMENTATIONS = YES;
				CLANG_WARN_DIRECT_OBJC_ISA_USAGE = YES_ERROR;
				CLANG_WARN_DOCUMENTATION_COMMENTS = YES;
				CLANG_WARN_EMPTY_BODY = YES;
				CLANG_WARN_ENUM_CONVERSION = YES;
				CLANG_WARN_INFINITE_RECURSION = YES;
				CLANG_WARN_INT_CONVERSION = YES;
				CLANG_WARN_NON_LITERAL_NULL_CONVERSION = YES;
				CLANG_WARN_OBJC_IMPLICIT_RETAIN_SELF = YES;
				CLANG_WARN_OBJC_LITERAL_CONVERSION = YES;
				CLANG_WARN_OBJC_ROOT_CLASS = YES_ERROR;
				CLANG_WARN_QUOTED_INCLUDE_IN_FRAMEWORK_HEADER = YES;
				CLANG_WARN_RANGE_LOOP_ANALYSIS = YES;
				CLANG_WARN_STRICT_PROTOTYPES = YES;
				CLANG_WARN_SUSPICIOUS_MOVE = YES;
				CLANG_WARN_UNGUARDED_AVAILABILITY = YES_AGGRESSIVE;
				CLANG_WARN_UNREACHABLE_CODE = YES;
				CLANG_WARN__DUPLICATE_METHOD_MATCH = YES;
				COPY_PHASE_STRIP = NO;
				DEBUG_INFORMATION_FORMAT = dwarf;
				ENABLE_STRICT_OBJC_MSGSEND = YES;
				ENABLE_TESTABILITY = YES;
				ENABLE_USER_SCRIPT_SANDBOXING = YES;
				GCC_C_LANGUAGE_STANDARD = gnu17;
				GCC_DYNAMIC_NO_PIC = NO;
				GCC_NO_COMMON_BLOCKS = YES;
				GCC_OPTIMIZATION_LEVEL = 0;
				GCC_PREPROCESSOR_DEFINITIONS = (
					"DEBUG=1",
					"$(inherited)",
				);
				GCC_WARN_64_TO_32_BIT_CONVERSION = YES;
				GCC_WARN_ABOUT_RETURN_TYPE = YES_ERROR;
				GCC_WARN_UNDECLARED_SELECTOR = YES;
				GCC_WARN_UNINITIALIZED_AUTOS = YES_AGGRESSIVE;
				GCC_WARN_UNUSED_FUNCTION = YES;
				GCC_WARN_UNUSED_VARIABLE = YES;
				IPHONEOS_DEPLOYMENT_TARGET = 17.0;
				LOCALIZATION_PREFERS_STRING_CATALOGS = YES;
				MTL_ENABLE_DEBUG_INFO = INCLUDE_SOURCE;
				MTL_FAST_MATH = YES;
				ONLY_ACTIVE_ARCH = YES;
				SDKROOT = iphoneos;
				SWIFT_ACTIVE_COMPILATION_CONDITIONS = "DEBUG $(inherited)";
				SWIFT_OPTIMIZATION_LEVEL = "-Onone";
			};
			name = Debug;
		};
		07E816872AC9684C002D1724 /* Release */ = {
			isa = XCBuildConfiguration;
			buildSettings = {
				ALWAYS_SEARCH_USER_PATHS = NO;
				ASSETCATALOG_COMPILER_GENERATE_SWIFT_ASSET_SYMBOL_EXTENSIONS = YES;
				CLANG_ANALYZER_NONNULL = YES;
				CLANG_ANALYZER_NUMBER_OBJECT_CONVERSION = YES_AGGRESSIVE;
				CLANG_CXX_LANGUAGE_STANDARD = "gnu++20";
				CLANG_ENABLE_MODULES = YES;
				CLANG_ENABLE_OBJC_ARC = YES;
				CLANG_ENABLE_OBJC_WEAK = YES;
				CLANG_WARN_BLOCK_CAPTURE_AUTORELEASING = YES;
				CLANG_WARN_BOOL_CONVERSION = YES;
				CLANG_WARN_COMMA = YES;
				CLANG_WARN_CONSTANT_CONVERSION = YES;
				CLANG_WARN_DEPRECATED_OBJC_IMPLEMENTATIONS = YES;
				CLANG_WARN_DIRECT_OBJC_ISA_USAGE = YES_ERROR;
				CLANG_WARN_DOCUMENTATION_COMMENTS = YES;
				CLANG_WARN_EMPTY_BODY = YES;
				CLANG_WARN_ENUM_CONVERSION = YES;
				CLANG_WARN_INFINITE_RECURSION = YES;
				CLANG_WARN_INT_CONVERSION = YES;
				CLANG_WARN_NON_LITERAL_NULL_CONVERSION = YES;
				CLANG_WARN_OBJC_IMPLICIT_RETAIN_SELF = YES;
				CLANG_WARN_OBJC_LITERAL_CONVERSION = YES;
				CLANG_WARN_OBJC_ROOT_CLASS = YES_ERROR;
				CLANG_WARN_QUOTED_INCLUDE_IN_FRAMEWORK_HEADER = YES;
				CLANG_WARN_RANGE_LOOP_ANALYSIS = YES;
				CLANG_WARN_STRICT_PROTOTYPES = YES;
				CLANG_WARN_SUSPICIOUS_MOVE = YES;
				CLANG_WARN_UNGUARDED_AVAILABILITY = YES_AGGRESSIVE;
				CLANG_WARN_UNREACHABLE_CODE = YES;
				CLANG_WARN__DUPLICATE_METHOD_MATCH = YES;
				COPY_PHASE_STRIP = NO;
				DEBUG_INFORMATION_FORMAT = "dwarf-with-dsym";
				ENABLE_NS_ASSERTIONS = NO;
				ENABLE_STRICT_OBJC_MSGSEND = YES;
				ENABLE_USER_SCRIPT_SANDBOXING = YES;
				GCC_C_LANGUAGE_STANDARD = gnu17;
				GCC_NO_COMMON_BLOCKS = YES;
				GCC_WARN_64_TO_32_BIT_CONVERSION = YES;
				GCC_WARN_ABOUT_RETURN_TYPE = YES_ERROR;
				GCC_WARN_UNDECLARED_SELECTOR = YES;
				GCC_WARN_UNINITIALIZED_AUTOS = YES_AGGRESSIVE;
				GCC_WARN_UNUSED_FUNCTION = YES;
				GCC_WARN_UNUSED_VARIABLE = YES;
				IPHONEOS_DEPLOYMENT_TARGET = 17.0;
				LOCALIZATION_PREFERS_STRING_CATALOGS = YES;
				MTL_ENABLE_DEBUG_INFO = NO;
				MTL_FAST_MATH = YES;
				SDKROOT = iphoneos;
				SWIFT_COMPILATION_MODE = wholemodule;
				VALIDATE_PRODUCT = YES;
			};
			name = Release;
		};
		07E816892AC9684C002D1724 /* Debug */ = {
			isa = XCBuildConfiguration;
			buildSettings = {
				ASSETCATALOG_COMPILER_APPICON_NAME = AppIcon;
				ASSETCATALOG_COMPILER_GLOBAL_ACCENT_COLOR_NAME = AccentColor;
				CODE_SIGN_STYLE = Automatic;
				CURRENT_PROJECT_VERSION = 1;
				DEVELOPMENT_ASSET_PATHS = "\"CPBattleBot/Preview Content\"";
				DEVELOPMENT_TEAM = EHT5EF5CQZ;
				ENABLE_PREVIEWS = YES;
				GENERATE_INFOPLIST_FILE = YES;
				INFOPLIST_KEY_NSBluetoothAlwaysUsageDescription = "We need Bluetooth to discover and connect to nearby devices";
				INFOPLIST_KEY_UIApplicationSceneManifest_Generation = YES;
				INFOPLIST_KEY_UIApplicationSupportsIndirectInputEvents = YES;
				INFOPLIST_KEY_UILaunchScreen_Generation = YES;
				INFOPLIST_KEY_UISupportedInterfaceOrientations_iPad = "UIInterfaceOrientationLandscapeLeft UIInterfaceOrientationLandscapeRight";
				LD_RUNPATH_SEARCH_PATHS = (
					"$(inherited)",
					"@executable_path/Frameworks",
				);
				MARKETING_VERSION = 1.0;
				PRODUCT_BUNDLE_IDENTIFIER = com.KieranHomeLabs.BattleBotJoySticks;
				PRODUCT_NAME = "$(TARGET_NAME)";
				SWIFT_EMIT_LOC_STRINGS = YES;
				SWIFT_VERSION = 5.0;
				TARGETED_DEVICE_FAMILY = "1,2";
			};
			name = Debug;
		};
		07E8168A2AC9684C002D1724 /* Release */ = {
			isa = XCBuildConfiguration;
			buildSettings = {
				ASSETCATALOG_COMPILER_APPICON_NAME = AppIcon;
				ASSETCATALOG_COMPILER_GLOBAL_ACCENT_COLOR_NAME = AccentColor;
				CODE_SIGN_STYLE = Automatic;
				CURRENT_PROJECT_VERSION = 1;
				DEVELOPMENT_ASSET_PATHS = "\"CPBattleBot/Preview Content\"";
				DEVELOPMENT_TEAM = EHT5EF5CQZ;
				ENABLE_PREVIEWS = YES;
				GENERATE_INFOPLIST_FILE = YES;
				INFOPLIST_KEY_NSBluetoothAlwaysUsageDescription = "We need Bluetooth to discover and connect to nearby devices";
				INFOPLIST_KEY_UIApplicationSceneManifest_Generation = YES;
				INFOPLIST_KEY_UIApplicationSupportsIndirectInputEvents = YES;
				INFOPLIST_KEY_UILaunchScreen_Generation = YES;
				INFOPLIST_KEY_UISupportedInterfaceOrientations_iPad = "UIInterfaceOrientationLandscapeLeft UIInterfaceOrientationLandscapeRight";
				LD_RUNPATH_SEARCH_PATHS = (
					"$(inherited)",
					"@executable_path/Frameworks",
				);
				MARKETING_VERSION = 1.0;
				PRODUCT_BUNDLE_IDENTIFIER = com.KieranHomeLabs.BattleBotJoySticks;
				PRODUCT_NAME = "$(TARGET_NAME)";
				SWIFT_EMIT_LOC_STRINGS = YES;
				SWIFT_VERSION = 5.0;
				TARGETED_DEVICE_FAMILY = "1,2";
			};
			name = Release;
		};
		07E8168C2AC9684C002D1724 /* Debug */ = {
			isa = XCBuildConfiguration;
			buildSettings = {
				ALWAYS_EMBED_SWIFT_STANDARD_LIBRARIES = YES;
				BUNDLE_LOADER = "$(TEST_HOST)";
				CODE_SIGN_STYLE = Automatic;
				CURRENT_PROJECT_VERSION = 1;
				GENERATE_INFOPLIST_FILE = YES;
				IPHONEOS_DEPLOYMENT_TARGET = 17.0;
				MARKETING_VERSION = 1.0;
				PRODUCT_BUNDLE_IDENTIFIER = com.gmail.minecraftandmoar.BattleBotJoySticksTests;
				PRODUCT_NAME = "$(TARGET_NAME)";
				SWIFT_EMIT_LOC_STRINGS = NO;
				SWIFT_VERSION = 5.0;
				TARGETED_DEVICE_FAMILY = "1,2";
				TEST_HOST = "$(BUILT_PRODUCTS_DIR)/CP BattleBot.app/$(BUNDLE_EXECUTABLE_FOLDER_PATH)/CP BattleBot";
			};
			name = Debug;
		};
		07E8168D2AC9684C002D1724 /* Release */ = {
			isa = XCBuildConfiguration;
			buildSettings = {
				ALWAYS_EMBED_SWIFT_STANDARD_LIBRARIES = YES;
				BUNDLE_LOADER = "$(TEST_HOST)";
				CODE_SIGN_STYLE = Automatic;
				CURRENT_PROJECT_VERSION = 1;
				GENERATE_INFOPLIST_FILE = YES;
				IPHONEOS_DEPLOYMENT_TARGET = 17.0;
				MARKETING_VERSION = 1.0;
				PRODUCT_BUNDLE_IDENTIFIER = com.gmail.minecraftandmoar.BattleBotJoySticksTests;
				PRODUCT_NAME = "$(TARGET_NAME)";
				SWIFT_EMIT_LOC_STRINGS = NO;
				SWIFT_VERSION = 5.0;
				TARGETED_DEVICE_FAMILY = "1,2";
				TEST_HOST = "$(BUILT_PRODUCTS_DIR)/CP BattleBot.app/$(BUNDLE_EXECUTABLE_FOLDER_PATH)/CP BattleBot";
			};
			name = Release;
		};
		07E8168F2AC9684C002D1724 /* Debug */ = {
			isa = XCBuildConfiguration;
			buildSettings = {
				ALWAYS_EMBED_SWIFT_STANDARD_LIBRARIES = YES;
				CODE_SIGN_STYLE = Automatic;
				CURRENT_PROJECT_VERSION = 1;
				GENERATE_INFOPLIST_FILE = YES;
				MARKETING_VERSION = 1.0;
				PRODUCT_BUNDLE_IDENTIFIER = com.gmail.minecraftandmoar.BattleBotJoySticksUITests;
				PRODUCT_NAME = "$(TARGET_NAME)";
				SWIFT_EMIT_LOC_STRINGS = NO;
				SWIFT_VERSION = 5.0;
				TARGETED_DEVICE_FAMILY = "1,2";
				TEST_TARGET_NAME = BattleBotJoySticks;
			};
			name = Debug;
		};
		07E816902AC9684C002D1724 /* Release */ = {
			isa = XCBuildConfiguration;
			buildSettings = {
				ALWAYS_EMBED_SWIFT_STANDARD_LIBRARIES = YES;
				CODE_SIGN_STYLE = Automatic;
				CURRENT_PROJECT_VERSION = 1;
				GENERATE_INFOPLIST_FILE = YES;
				MARKETING_VERSION = 1.0;
				PRODUCT_BUNDLE_IDENTIFIER = com.gmail.minecraftandmoar.BattleBotJoySticksUITests;
				PRODUCT_NAME = "$(TARGET_NAME)";
				SWIFT_EMIT_LOC_STRINGS = NO;
				SWIFT_VERSION = 5.0;
				TARGETED_DEVICE_FAMILY = "1,2";
				TEST_TARGET_NAME = BattleBotJoySticks;
			};
			name = Release;
		};
/* End XCBuildConfiguration section */

/* Begin XCConfigurationList section */
		07E8165F2AC9684A002D1724 /* Build configuration list for PBXProject "CPBattleBot" */ = {
			isa = XCConfigurationList;
			buildConfigurations = (
				07E816862AC9684C002D1724 /* Debug */,
				07E816872AC9684C002D1724 /* Release */,
			);
			defaultConfigurationIsVisible = 0;
			defaultConfigurationName = Release;
		};
		07E816882AC9684C002D1724 /* Build configuration list for PBXNativeTarget "CP BattleBot" */ = {
			isa = XCConfigurationList;
			buildConfigurations = (
				07E816892AC9684C002D1724 /* Debug */,
				07E8168A2AC9684C002D1724 /* Release */,
			);
			defaultConfigurationIsVisible = 0;
			defaultConfigurationName = Release;
		};
		07E8168B2AC9684C002D1724 /* Build configuration list for PBXNativeTarget "CP BattleBotTests" */ = {
			isa = XCConfigurationList;
			buildConfigurations = (
				07E8168C2AC9684C002D1724 /* Debug */,
				07E8168D2AC9684C002D1724 /* Release */,
			);
			defaultConfigurationIsVisible = 0;
			defaultConfigurationName = Release;
		};
		07E8168E2AC9684C002D1724 /* Build configuration list for PBXNativeTarget "CP BattleBotUITests" */ = {
			isa = XCConfigurationList;
			buildConfigurations = (
				07E8168F2AC9684C002D1724 /* Debug */,
				07E816902AC9684C002D1724 /* Release */,
			);
			defaultConfigurationIsVisible = 0;
			defaultConfigurationName = Release;
		};
/* End XCConfigurationList section */
	};
	rootObject = 07E8165C2AC9684A002D1724 /* Project object */;
}
